PODS:
  - PKCategories (0.2.3):
    - PKCategories/Foundation (= 0.2.3)
    - PKCategories/Other (= 0.2.3)
    - PKCategories/UIKit (= 0.2.3)
  - PKCategories/Foundation (0.2.3)
  - PKCategories/Other (0.2.3)
  - PKCategories/UIKit (0.2.3)

DEPENDENCIES:
  - PKCategories (from `../`)

EXTERNAL SOURCES:
  PKCategories:
    :path: "../"

SPEC CHECKSUMS:
  PKCategories: d4a2a9a5e22ee6e62c83b396e4ce0f8a34f474d4

PODFILE CHECKSUM: 3a3cfc15f3199ab17e928be3e320b1d27ca01e86

COCOAPODS: 1.5.3
