PODS:
  - PKCategories (0.1.2):
    - PKCategories/Foundation (= 0.1.2)
    - PKCategories/Other (= 0.1.2)
    - PKCategories/UIKit (= 0.1.2)
  - PKCategories/Foundation (0.1.2)
  - PKCategories/Other (0.1.2)
  - PKCategories/UIKit (0.1.2)

DEPENDENCIES:
  - PKCategories (from `../`)

EXTERNAL SOURCES:
  PKCategories:
    :path: "../"

SPEC CHECKSUMS:
  PKCategories: a100aaae36585554bd27fb5c823789117bdb68e2

PODFILE CHECKSUM: 3a3cfc15f3199ab17e928be3e320b1d27ca01e86

COCOAPODS: 1.5.3
