PODS:
  - PKCategories (0.2.8):
    - PKCategories/Foundation (= 0.2.8)
    - PKCategories/Other (= 0.2.8)
    - PKCategories/UIKit (= 0.2.8)
  - PKCategories/Foundation (0.2.8)
  - PKCategories/Other (0.2.8)
  - PKCategories/UIKit (0.2.8)

DEPENDENCIES:
  - PKCategories (from `../`)

EXTERNAL SOURCES:
  PKCategories:
    :path: "../"

SPEC CHECKSUMS:
  PKCategories: e8051398f9c20d783792be48f4bc82f6d9ebef86

PODFILE CHECKSUM: 3a3cfc15f3199ab17e928be3e320b1d27ca01e86

COCOAPODS: 1.5.3
